
Microsoft Visual Studio Solution File, Format Version 12.00
# Visual Studio Version 16
VisualStudioVersion = 16.0.31507.150
MinimumVisualStudioVersion = 10.0.40219.1
Project("{8BC9CEB8-8B4A-11D0-8D11-00A0C91BC942}") = "PapyrusFormatter", "PapyrusFormatter\PapyrusFormatter.vcxproj", "{673C8ACA-B8B1-4E89-88E7-22A28874C543}"
EndProject
Project("{8BC9CEB8-8B4A-11D0-8D11-00A0C91BC942}") = "Tests", "Tests\Tests.vcxproj", "{3C706A1E-797C-49E4-A7DA-B69F5DAA779F}"
EndProject
Global
	GlobalSection(SolutionConfigurationPlatforms) = preSolution
		Debug|x64 = Debug|x64
		Debug|x86 = Debug|x86
		Release|x64 = Release|x64
		Release|x86 = Release|x86
	EndGlobalSection
	GlobalSection(ProjectConfigurationPlatforms) = postSolution
		{673C8ACA-B8B1-4E89-88E7-22A28874C543}.Debug|x64.ActiveCfg = Debug|x64
		{673C8ACA-B8B1-4E89-88E7-22A28874C543}.Debug|x64.Build.0 = Debug|x64
		{673C8ACA-B8B1-4E89-88E7-22A28874C543}.Debug|x86.ActiveCfg = Debug|Win32
		{673C8ACA-B8B1-4E89-88E7-22A28874C543}.Debug|x86.Build.0 = Debug|Win32
		{673C8ACA-B8B1-4E89-88E7-22A28874C543}.Release|x64.ActiveCfg = Release|x64
		{673C8ACA-B8B1-4E89-88E7-22A28874C543}.Release|x64.Build.0 = Release|x64
		{673C8ACA-B8B1-4E89-88E7-22A28874C543}.Release|x86.ActiveCfg = Release|Win32
		{673C8ACA-B8B1-4E89-88E7-22A28874C543}.Release|x86.Build.0 = Release|Win32
		{3C706A1E-797C-49E4-A7DA-B69F5DAA779F}.Debug|x64.ActiveCfg = Debug|x64
		{3C706A1E-797C-49E4-A7DA-B69F5DAA779F}.Debug|x64.Build.0 = Debug|x64
		{3C706A1E-797C-49E4-A7DA-B69F5DAA779F}.Debug|x86.ActiveCfg = Debug|Win32
		{3C706A1E-797C-49E4-A7DA-B69F5DAA779F}.Debug|x86.Build.0 = Debug|Win32
		{3C706A1E-797C-49E4-A7DA-B69F5DAA779F}.Release|x64.ActiveCfg = Release|x64
		{3C706A1E-797C-49E4-A7DA-B69F5DAA779F}.Release|x64.Build.0 = Release|x64
		{3C706A1E-797C-49E4-A7DA-B69F5DAA779F}.Release|x86.ActiveCfg = Release|Win32
		{3C706A1E-797C-49E4-A7DA-B69F5DAA779F}.Release|x86.Build.0 = Release|Win32
	EndGlobalSection
	GlobalSection(SolutionProperties) = preSolution
		HideSolutionNode = FALSE
	EndGlobalSection
	GlobalSection(ExtensibilityGlobals) = postSolution
		SolutionGuid = {E4E3B989-A83B-4D9C-A2B7-CB39E3A46812}
	EndGlobalSection
EndGlobal
